{
  "name": "Hyperglot",
  "version": "0.2.0",
  "lockfileVersion": 1,
  "requires": true,
  "dependencies": {
    "amdefine": {
      "version": "1.0.1",
      "resolved": "https://registry.npmjs.org/amdefine/-/amdefine-1.0.1.tgz",
      "integrity": "sha1-SlKCrBZHKek2Gbz9OtFR+BfOkfU=",
      "optional": true
    },
    "ast-types": {
      "version": "0.3.38",
      "resolved": "https://registry.npmjs.org/ast-types/-/ast-types-0.3.38.tgz",
      "integrity": "sha1-r+Qw5gtNs84u0izuoPFvHDF2Pvc=",
      "requires": {
        "private": "0.1.7"
      }
    },
    "async": {
      "version": "0.2.9",
      "resolved": "https://registry.npmjs.org/async/-/async-0.2.9.tgz",
      "integrity": "sha1-32MGD789Myhqdqr21Vophtn/hhk="
    },
    "binary-search-tree": {
      "version": "0.2.3",
      "resolved": "https://registry.npmjs.org/binary-search-tree/-/binary-search-tree-0.2.3.tgz",
      "integrity": "sha1-t2s2K0DfQ19toWX1vTGa7jbv3XY=",
      "requires": {
        "underscore": "1.4.4"
      }
    },
    "bower": {
      "version": "1.8.0",
      "resolved": "https://registry.npmjs.org/bower/-/bower-1.8.0.tgz",
      "integrity": "sha1-Vdvr7wrZFVOC2enT5JfBNyNFtEo=",
      "dev": true
    },
    "escodegen": {
      "version": "1.0.1",
      "resolved": "https://registry.npmjs.org/escodegen/-/escodegen-1.0.1.tgz",
      "integrity": "sha1-hMksSgdEAnG5Dmt45iCXO/chIm4=",
      "requires": {
        "esprima": "1.0.4",
        "estraverse": "1.5.1",
        "esutils": "1.0.0",
        "source-map": "0.1.43"
      }
    },
    "esprima": {
      "version": "1.0.4",
      "resolved": "https://registry.npmjs.org/esprima/-/esprima-1.0.4.tgz",
      "integrity": "sha1-n1V+CPw7TSbs6d00+Pv0drYlha0="
    },
    "estraverse": {
      "version": "1.5.1",
      "resolved": "https://registry.npmjs.org/estraverse/-/estraverse-1.5.1.tgz",
      "integrity": "sha1-hno+jlip+EYYr7bC3bzZFrfLr3E="
    },
    "esutils": {
      "version": "1.0.0",
      "resolved": "https://registry.npmjs.org/esutils/-/esutils-1.0.0.tgz",
      "integrity": "sha1-gVHTWOIMisx/t0XnRywAJf5JZXA="
    },
    "mkdirp": {
      "version": "0.3.5",
      "resolved": "https://registry.npmjs.org/mkdirp/-/mkdirp-0.3.5.tgz",
      "integrity": "sha1-3j5fiWHIjHh+4TaN+EmsRBPsqNc="
    },
    "nedb": {
      "version": "0.8.13",
      "resolved": "https://registry.npmjs.org/nedb/-/nedb-0.8.13.tgz",
      "integrity": "sha1-d7A1aR9hsu5kn8oqZpw5jABXEzo=",
      "requires": {
        "async": "0.2.9",
        "binary-search-tree": "0.2.3",
        "mkdirp": "0.3.5",
        "underscore": "1.4.4"
      }
    },
    "pegjs": {
      "version": "0.7.0",
      "resolved": "https://registry.npmjs.org/pegjs/-/pegjs-0.7.0.tgz",
      "integrity": "sha1-qqH4JPnnGX7ETiKlevUi9wDdaJ4="
    },
    "private": {
      "version": "0.1.7",
      "resolved": "https://registry.npmjs.org/private/-/private-0.1.7.tgz",
      "integrity": "sha1-aM5eih7woju1cMwoU3tTMqumPvE="
    },
    "source-map": {
      "version": "0.1.43",
      "resolved": "https://registry.npmjs.org/source-map/-/source-map-0.1.43.tgz",
      "integrity": "sha1-wkvBRspRfBRx9drL4lcbK3+eM0Y=",
      "optional": true,
      "requires": {
        "amdefine": "1.0.1"
      }
    },
    "underscore": {
      "version": "1.4.4",
      "resolved": "https://registry.npmjs.org/underscore/-/underscore-1.4.4.tgz",
      "integrity": "sha1-YaajIBBiKvoHljvzJSA88SI51gQ="
    }
  }
}
